// !$*UTF8*$!
{
	archiveVersion = 1;
	classes = {
	};
	objectVersion = 46;
	objects = {

/* Begin PBXBuildFile section */
		653F436E1A66524C003364A3 /* main.cpp in Sources */ = {isa = PBXBuildFile; fileRef = 653F436D1A66524C003364A3 /* main.cpp */; };
		653F43771A665700003364A3 /* Employee.cpp in Sources */ = {isa = PBXBuildFile; fileRef = 653F43761A665700003364A3 /* Employee.cpp */; };
/* End PBXBuildFile section */

/* Begin PBXCopyFilesBuildPhase section */
		653F43681A66524C003364A3 /* CopyFiles */ = {
			isa = PBXCopyFilesBuildPhase;
			buildActionMask = 2147483647;
			dstPath = /usr/share/man/man1/;
			dstSubfolderSpec = 0;
			files = (
			);
			runOnlyForDeploymentPostprocessing = 1;
		};
/* End PBXCopyFilesBuildPhase section */

/* Begin PBXFileReference section */
		653F436A1A66524C003364A3 /* Week2Lab_Merino */ = {isa = PBXFileReference; explicitFileType = "compiled.mach-o.executable"; includeInIndex = 0; path = Week2Lab_Merino; sourceTree = BUILT_PRODUCTS_DIR; };
		653F436D1A66524C003364A3 /* main.cpp */ = {isa = PBXFileReference; lastKnownFileType = sourcecode.cpp.cpp; path = main.cpp; sourceTree = "<group>"; };
		653F43751A66556D003364A3 /* Employee.h */ = {isa = PBXFileReference; lastKnownFileType = sourcecode.c.h; path = Employee.h; sourceTree = "<group>"; };
		653F43761A665700003364A3 /* Employee.cpp */ = {isa = PBXFileReference; fileEncoding = 4; lastKnownFileType = sourcecode.cpp.cpp; path = Employee.cpp; sourceTree = "<group>"; };
/* End PBXFileReference section */

/* Begin PBXFrameworksBuildPhase section */
		653F43671A66524C003364A3 /* Frameworks */ = {
			isa = PBXFrameworksBuildPhase;
			buildActionMask = 2147483647;
			files = (
			);
			runOnlyForDeploymentPostprocessing = 0;
		};
/* End PBXFrameworksBuildPhase section */

/* Begin PBXGroup section */
		653F43611A66524B003364A3 = {
			isa = PBXGroup;
			children = (
				653F436C1A66524C003364A3 /* Week2Lab_Merino */,
				653F436B1A66524C003364A3 /* Products */,
			);
			sourceTree = "<group>";
		};
		653F436B1A66524C003364A3 /* Products */ = {
			isa = PBXGroup;
			children = (
				653F436A1A66524C003364A3 /* Week2Lab_Merino */,
			);
			name = Products;
			sourceTree = "<group>";
		};
		653F436C1A66524C003364A3 /* Week2Lab_Merino */ = {
			isa = PBXGroup;
			children = (
				653F436D1A66524C003364A3 /* main.cpp */,
				653F43751A66556D003364A3 /* Employee.h */,
				653F43761A665700003364A3 /* Employee.cpp */,
			);
			path = Week2Lab_Merino;
			sourceTree = "<group>";
		};
/* End PBXGroup section */

/* Begin PBXNativeTarget section */
		653F43691A66524C003364A3 /* Week2Lab_Merino */ = {
			isa = PBXNativeTarget;
			buildConfigurationList = 653F43711A66524C003364A3 /* Build configuration list for PBXNativeTarget "Week2Lab_Merino" */;
			buildPhases = (
				653F43661A66524C003364A3 /* Sources */,
				653F43671A66524C003364A3 /* Frameworks */,
				653F43681A66524C003364A3 /* CopyFiles */,
			);
			buildRules = (
			);
			dependencies = (
			);
			name = Week2Lab_Merino;
			productName = Week2Lab_Merino;
			productReference = 653F436A1A66524C003364A3 /* Week2Lab_Merino */;
			productType = "com.apple.product-type.tool";
		};
/* End PBXNativeTarget section */

/* Begin PBXProject section */
		653F43621A66524C003364A3 /* Project object */ = {
			isa = PBXProject;
			attributes = {
				LastUpgradeCheck = 0610;
				ORGANIZATIONNAME = CIS247C;
				TargetAttributes = {
					653F43691A66524C003364A3 = {
						CreatedOnToolsVersion = 6.1.1;
					};
				};
			};
			buildConfigurationList = 653F43651A66524C003364A3 /* Build configuration list for PBXProject "Week2Lab_Merino" */;
			compatibilityVersion = "Xcode 3.2";
			developmentRegion = English;
			hasScannedForEncodings = 0;
			knownRegions = (
				en,
			);
			mainGroup = 653F43611A66524B003364A3;
			productRefGroup = 653F436B1A66524C003364A3 /* Products */;
			projectDirPath = "";
			projectRoot = "";
			targets = (
				653F43691A66524C003364A3 /* Week2Lab_Merino */,
			);
		};
/* End PBXProject section */

/* Begin PBXSourcesBuildPhase section */
		653F43661A66524C003364A3 /* Sources */ = {
			isa = PBXSourcesBuildPhase;
			buildActionMask = 2147483647;
			files = (
				653F436E1A66524C003364A3 /* main.cpp in Sources */,
				653F43771A665700003364A3 /* Employee.cpp in Sources */,
			);
			runOnlyForDeploymentPostprocessing = 0;
		};
/* End PBXSourcesBuildPhase section */

/* Begin XCBuildConfiguration section */
		653F436F1A66524C003364A3 /* Debug */ = {
			isa = XCBuildConfiguration;
			buildSettings = {
				ALWAYS_SEARCH_USER_PATHS = NO;
				CLANG_CXX_LANGUAGE_STANDARD = "gnu++0x";
				CLANG_CXX_LIBRARY = "libc++";
				CLANG_ENABLE_MODULES = YES;
				CLANG_ENABLE_OBJC_ARC = YES;
				CLANG_WARN_BOOL_CONVERSION = YES;
				CLANG_WARN_CONSTANT_CONVERSION = YES;
				CLANG_WARN_DIRECT_OBJC_ISA_USAGE = YES_ERROR;
				CLANG_WARN_EMPTY_BODY = YES;
				CLANG_WARN_ENUM_CONVERSION = YES;
				CLANG_WARN_INT_CONVERSION = YES;
				CLANG_WARN_OBJC_ROOT_CLASS = YES_ERROR;
				CLANG_WARN_UNREACHABLE_CODE = YES;
				CLANG_WARN__DUPLICATE_METHOD_MATCH = YES;
				COPY_PHASE_STRIP = NO;
				ENABLE_STRICT_OBJC_MSGSEND = YES;
				GCC_C_LANGUAGE_STANDARD = gnu99;
				GCC_DYNAMIC_NO_PIC = NO;
				GCC_OPTIMIZATION_LEVEL = 0;
				GCC_PREPROCESSOR_DEFINITIONS = (
					"DEBUG=1",
					"$(inherited)",
				);
				GCC_SYMBOLS_PRIVATE_EXTERN = NO;
				GCC_WARN_64_TO_32_BIT_CONVERSION = YES;
				GCC_WARN_ABOUT_RETURN_TYPE = YES_ERROR;
				GCC_WARN_UNDECLARED_SELECTOR = YES;
				GCC_WARN_UNINITIALIZED_AUTOS = YES_AGGRESSIVE;
				GCC_WARN_UNUSED_FUNCTION = YES;
				GCC_WARN_UNUSED_VARIABLE = YES;
				MACOSX_DEPLOYMENT_TARGET = 10.9;
				MTL_ENABLE_DEBUG_INFO = YES;
				ONLY_ACTIVE_ARCH = YES;
				SDKROOT = macosx;
			};
			name = Debug;
		};
		653F43701A66524C003364A3 /* Release */ = {
			isa = XCBuildConfiguration;
			buildSettings = {
				ALWAYS_SEARCH_USER_PATHS = NO;
				CLANG_CXX_LANGUAGE_STANDARD = "gnu++0x";
				CLANG_CXX_LIBRARY = "libc++";
				CLANG_ENABLE_MODULES = YES;
				CLANG_ENABLE_OBJC_ARC = YES;
				CLANG_WARN_BOOL_CONVERSION = YES;
				CLANG_WARN_CONSTANT_CONVERSION = YES;
				CLANG_WARN_DIRECT_OBJC_ISA_USAGE = YES_ERROR;
				CLANG_WARN_EMPTY_BODY = YES;
				CLANG_WARN_ENUM_CONVERSION = YES;
				CLANG_WARN_INT_CONVERSION = YES;
				CLANG_WARN_OBJC_ROOT_CLASS = YES_ERROR;
				CLANG_WARN_UNREACHABLE_CODE = YES;
				CLANG_WARN__DUPLICATE_METHOD_MATCH = YES;
				COPY_PHASE_STRIP = YES;
				DEBUG_INFORMATION_FORMAT = "dwarf-with-dsym";
				ENABLE_NS_ASSERTIONS = NO;
				ENABLE_STRICT_OBJC_MSGSEND = YES;
				GCC_C_LANGUAGE_STANDARD = gnu99;
				GCC_WARN_64_TO_32_BIT_CONVERSION = YES;
				GCC_WARN_ABOUT_RETURN_TYPE = YES_ERROR;
				GCC_WARN_UNDECLARED_SELECTOR = YES;
				GCC_WARN_UNINITIALIZED_AUTOS = YES_AGGRESSIVE;
				GCC_WARN_UNUSED_FUNCTION = YES;
				GCC_WARN_UNUSED_VARIABLE = YES;
				MACOSX_DEPLOYMENT_TARGET = 10.9;
				MTL_ENABLE_DEBUG_INFO = NO;
				SDKROOT = macosx;
			};
			name = Release;
		};
		653F43721A66524C003364A3 /* Debug */ = {
			isa = XCBuildConfiguration;
			buildSettings = {
				PRODUCT_NAME = "$(TARGET_NAME)";
			};
			name = Debug;
		};
		653F43731A66524C003364A3 /* Release */ = {
			isa = XCBuildConfiguration;
			buildSettings = {
				"MTL_ENABLE_DEBUG_INFO[arch=*]" = YES;
				PRODUCT_NAME = "$(TARGET_NAME)";
			};
			name = Release;
		};
/* End XCBuildConfiguration section */

/* Begin XCConfigurationList section */
		653F43651A66524C003364A3 /* Build configuration list for PBXProject "Week2Lab_Merino" */ = {
			isa = XCConfigurationList;
			buildConfigurations = (
				653F436F1A66524C003364A3 /* Debug */,
				653F43701A66524C003364A3 /* Release */,
			);
			defaultConfigurationIsVisible = 0;
			defaultConfigurationName = Release;
		};
		653F43711A66524C003364A3 /* Build configuration list for PBXNativeTarget "Week2Lab_Merino" */ = {
			isa = XCConfigurationList;
			buildConfigurations = (
				653F43721A66524C003364A3 /* Debug */,
				653F43731A66524C003364A3 /* Release */,
			);
			defaultConfigurationIsVisible = 0;
		};
/* End XCConfigurationList section */
	};
	rootObject = 653F43621A66524C003364A3 /* Project object */;
}
